// !$*UTF8*$!
{
	archiveVersion = 1;
	classes = {
	};
	objectVersion = 48;
	objects = {

/* Begin PBXBuildFile section */
		6F5851D6215AC3BB0019853C /* Alamofire.framework in Frameworks */ = {isa = PBXBuildFile; fileRef = 6F5851C9215AC33F0019853C /* Alamofire.framework */; };
		6F5851D7215AC3BB0019853C /* Alamofire.framework in Embed Frameworks */ = {isa = PBXBuildFile; fileRef = 6F5851C9215AC33F0019853C /* Alamofire.framework */; settings = {ATTRIBUTES = (CodeSignOnCopy, RemoveHeadersOnCopy, ); }; };
		6F5851DD215AC44E0019853C /* NewsDetailViewController.swift in Sources */ = {isa = PBXBuildFile; fileRef = 6F5851DB215AC44E0019853C /* NewsDetailViewController.swift */; };
		6F5851DE215AC44E0019853C /* NewsDetailViewController.xib in Resources */ = {isa = PBXBuildFile; fileRef = 6F5851DC215AC44E0019853C /* NewsDetailViewController.xib */; };
		6F5851E0215AC4680019853C /* NewsDetailRouter.swift in Sources */ = {isa = PBXBuildFile; fileRef = 6F5851DF215AC4680019853C /* NewsDetailRouter.swift */; };
		6F5851E2215AC4780019853C /* NewsDetailPresenter.swift in Sources */ = {isa = PBXBuildFile; fileRef = 6F5851E1215AC4780019853C /* NewsDetailPresenter.swift */; };
		6F5851E7215AC4D50019853C /* NewsDetailProtocols.swift in Sources */ = {isa = PBXBuildFile; fileRef = 6F5851E6215AC4D50019853C /* NewsDetailProtocols.swift */; };
		6F8CB59E2156AD0A00160F58 /* AppDelegate.swift in Sources */ = {isa = PBXBuildFile; fileRef = 6F8CB59D2156AD0A00160F58 /* AppDelegate.swift */; };
		6F8CB5A62156AD0A00160F58 /* LectorRSS.xcdatamodeld in Sources */ = {isa = PBXBuildFile; fileRef = 6F8CB5A42156AD0A00160F58 /* LectorRSS.xcdatamodeld */; };
		6F8CB5A82156AD0A00160F58 /* Assets.xcassets in Resources */ = {isa = PBXBuildFile; fileRef = 6F8CB5A72156AD0A00160F58 /* Assets.xcassets */; };
		6F8CB5B62156AD0A00160F58 /* LectorRSSTests.swift in Sources */ = {isa = PBXBuildFile; fileRef = 6F8CB5B52156AD0A00160F58 /* LectorRSSTests.swift */; };
		6F8CB5C12156AD0A00160F58 /* LectorRSSUITests.swift in Sources */ = {isa = PBXBuildFile; fileRef = 6F8CB5C02156AD0A00160F58 /* LectorRSSUITests.swift */; };
		6F8CB5E02156B52400160F58 /* NewsListModule.swift in Sources */ = {isa = PBXBuildFile; fileRef = 6F8CB5DF2156B52400160F58 /* NewsListModule.swift */; };
		6F8CB5E22156B55000160F58 /* NewsDetailModule.swift in Sources */ = {isa = PBXBuildFile; fileRef = 6F8CB5E12156B55000160F58 /* NewsDetailModule.swift */; };
		6F8CB5E52156B59400160F58 /* NewsListViewController.swift in Sources */ = {isa = PBXBuildFile; fileRef = 6F8CB5E32156B59400160F58 /* NewsListViewController.swift */; };
		6F8CB5E62156B59400160F58 /* NewsListViewController.xib in Resources */ = {isa = PBXBuildFile; fileRef = 6F8CB5E42156B59400160F58 /* NewsListViewController.xib */; };
		6F8CB5E82156BEF800160F58 /* NewsListViewController+UITableViews.swift in Sources */ = {isa = PBXBuildFile; fileRef = 6F8CB5E72156BEF800160F58 /* NewsListViewController+UITableViews.swift */; };
		6F8CB5EA2156C02E00160F58 /* NewsListPresenter.swift in Sources */ = {isa = PBXBuildFile; fileRef = 6F8CB5E92156C02E00160F58 /* NewsListPresenter.swift */; };
		6F8CB5EC2156D45F00160F58 /* NewsListRouter.swift in Sources */ = {isa = PBXBuildFile; fileRef = 6F8CB5EB2156D45F00160F58 /* NewsListRouter.swift */; };
		6F8CB5EE2156D47F00160F58 /* NewsListInteractor.swift in Sources */ = {isa = PBXBuildFile; fileRef = 6F8CB5ED2156D47F00160F58 /* NewsListInteractor.swift */; };
		6F8CB5F02156D75B00160F58 /* News.swift in Sources */ = {isa = PBXBuildFile; fileRef = 6F8CB5EF2156D75B00160F58 /* News.swift */; };
		6F8CB5F32157C32E00160F58 /* NewsListTableViewCell.swift in Sources */ = {isa = PBXBuildFile; fileRef = 6F8CB5F12157C32E00160F58 /* NewsListTableViewCell.swift */; };
		6F8CB5F42157C32E00160F58 /* NewsListTableViewCell.xib in Resources */ = {isa = PBXBuildFile; fileRef = 6F8CB5F22157C32E00160F58 /* NewsListTableViewCell.xib */; };
		6F8CB5F62157FF2E00160F58 /* NewsListPresenter+NewsListInteractorDelegate.swift in Sources */ = {isa = PBXBuildFile; fileRef = 6F8CB5F52157FF2E00160F58 /* NewsListPresenter+NewsListInteractorDelegate.swift */; };
		6F8CB5FA2158259100160F58 /* NewsListViewController+UISearchBar.swift in Sources */ = {isa = PBXBuildFile; fileRef = 6F8CB5F92158259100160F58 /* NewsListViewController+UISearchBar.swift */; };
		6F8CB5FF2159710900160F58 /* Color.swift in Sources */ = {isa = PBXBuildFile; fileRef = 6F8CB5FE2159710900160F58 /* Color.swift */; };
		6F8CB602215981B100160F58 /* NotResultLabel.swift in Sources */ = {isa = PBXBuildFile; fileRef = 6F8CB601215981B100160F58 /* NotResultLabel.swift */; };
		6F8CB6052159889000160F58 /* NewsListProtocols.swift in Sources */ = {isa = PBXBuildFile; fileRef = 6F8CB6042159889000160F58 /* NewsListProtocols.swift */; };
/* End PBXBuildFile section */

/* Begin PBXContainerItemProxy section */
		6F5851C8215AC33F0019853C /* PBXContainerItemProxy */ = {
			isa = PBXContainerItemProxy;
			containerPortal = 6F5851BD215AC33E0019853C /* Alamofire.xcodeproj */;
			proxyType = 2;
			remoteGlobalIDString = F8111E3319A95C8B0040E7D1;
			remoteInfo = "Alamofire iOS";
		};
		6F5851CA215AC33F0019853C /* PBXContainerItemProxy */ = {
			isa = PBXContainerItemProxy;
			containerPortal = 6F5851BD215AC33E0019853C /* Alamofire.xcodeproj */;
			proxyType = 2;
			remoteGlobalIDString = F8111E3E19A95C8B0040E7D1;
			remoteInfo = "Alamofire iOS Tests";
		};
		6F5851CC215AC33F0019853C /* PBXContainerItemProxy */ = {
			isa = PBXContainerItemProxy;
			containerPortal = 6F5851BD215AC33E0019853C /* Alamofire.xcodeproj */;
			proxyType = 2;
			remoteGlobalIDString = 4DD67C0B1A5C55C900ED2280;
			remoteInfo = "Alamofire macOS";
		};
		6F5851CE215AC33F0019853C /* PBXContainerItemProxy */ = {
			isa = PBXContainerItemProxy;
			containerPortal = 6F5851BD215AC33E0019853C /* Alamofire.xcodeproj */;
			proxyType = 2;
			remoteGlobalIDString = F829C6B21A7A94F100A2CD59;
			remoteInfo = "Alamofire macOS Tests";
		};
		6F5851D0215AC33F0019853C /* PBXContainerItemProxy */ = {
			isa = PBXContainerItemProxy;
			containerPortal = 6F5851BD215AC33E0019853C /* Alamofire.xcodeproj */;
			proxyType = 2;
			remoteGlobalIDString = 4CF626EF1BA7CB3E0011A099;
			remoteInfo = "Alamofire tvOS";
		};
		6F5851D2215AC33F0019853C /* PBXContainerItemProxy */ = {
			isa = PBXContainerItemProxy;
			containerPortal = 6F5851BD215AC33E0019853C /* Alamofire.xcodeproj */;
			proxyType = 2;
			remoteGlobalIDString = 4CF626F81BA7CB3E0011A099;
			remoteInfo = "Alamofire tvOS Tests";
		};
		6F5851D4215AC33F0019853C /* PBXContainerItemProxy */ = {
			isa = PBXContainerItemProxy;
			containerPortal = 6F5851BD215AC33E0019853C /* Alamofire.xcodeproj */;
			proxyType = 2;
			remoteGlobalIDString = E4202FE01B667AA100C997FB;
			remoteInfo = "Alamofire watchOS";
		};
		6F5851D8215AC3BB0019853C /* PBXContainerItemProxy */ = {
			isa = PBXContainerItemProxy;
			containerPortal = 6F5851BD215AC33E0019853C /* Alamofire.xcodeproj */;
			proxyType = 1;
			remoteGlobalIDString = F8111E3219A95C8B0040E7D1;
			remoteInfo = "Alamofire iOS";
		};
		6F8CB5B22156AD0A00160F58 /* PBXContainerItemProxy */ = {
			isa = PBXContainerItemProxy;
			containerPortal = 6F8CB5922156AD0A00160F58 /* Project object */;
			proxyType = 1;
			remoteGlobalIDString = 6F8CB5992156AD0A00160F58;
			remoteInfo = LectorRSS;
		};
		6F8CB5BD2156AD0A00160F58 /* PBXContainerItemProxy */ = {
			isa = PBXContainerItemProxy;
			containerPortal = 6F8CB5922156AD0A00160F58 /* Project object */;
			proxyType = 1;
			remoteGlobalIDString = 6F8CB5992156AD0A00160F58;
			remoteInfo = LectorRSS;
		};
/* End PBXContainerItemProxy section */

/* Begin PBXCopyFilesBuildPhase section */
		6F5851DA215AC3BB0019853C /* Embed Frameworks */ = {
			isa = PBXCopyFilesBuildPhase;
			buildActionMask = 2147483647;
			dstPath = "";
			dstSubfolderSpec = 10;
			files = (
				6F5851D7215AC3BB0019853C /* Alamofire.framework in Embed Frameworks */,
			);
			name = "Embed Frameworks";
			runOnlyForDeploymentPostprocessing = 0;
		};
/* End PBXCopyFilesBuildPhase section */

/* Begin PBXFileReference section */
		6F5851BD215AC33E0019853C /* Alamofire.xcodeproj */ = {isa = PBXFileReference; lastKnownFileType = "wrapper.pb-project"; name = Alamofire.xcodeproj; path = Alamofire/Alamofire.xcodeproj; sourceTree = "<group>"; };
		6F5851DB215AC44E0019853C /* NewsDetailViewController.swift */ = {isa = PBXFileReference; lastKnownFileType = sourcecode.swift; path = NewsDetailViewController.swift; sourceTree = "<group>"; };
		6F5851DC215AC44E0019853C /* NewsDetailViewController.xib */ = {isa = PBXFileReference; lastKnownFileType = file.xib; path = NewsDetailViewController.xib; sourceTree = "<group>"; };
		6F5851DF215AC4680019853C /* NewsDetailRouter.swift */ = {isa = PBXFileReference; lastKnownFileType = sourcecode.swift; path = NewsDetailRouter.swift; sourceTree = "<group>"; };
		6F5851E1215AC4780019853C /* NewsDetailPresenter.swift */ = {isa = PBXFileReference; lastKnownFileType = sourcecode.swift; path = NewsDetailPresenter.swift; sourceTree = "<group>"; };
		6F5851E6215AC4D50019853C /* NewsDetailProtocols.swift */ = {isa = PBXFileReference; lastKnownFileType = sourcecode.swift; path = NewsDetailProtocols.swift; sourceTree = "<group>"; };
		6F8CB59A2156AD0A00160F58 /* LectorRSS.app */ = {isa = PBXFileReference; explicitFileType = wrapper.application; includeInIndex = 0; path = LectorRSS.app; sourceTree = BUILT_PRODUCTS_DIR; };
		6F8CB59D2156AD0A00160F58 /* AppDelegate.swift */ = {isa = PBXFileReference; lastKnownFileType = sourcecode.swift; path = AppDelegate.swift; sourceTree = "<group>"; };
		6F8CB5A52156AD0A00160F58 /* LectorRSS.xcdatamodel */ = {isa = PBXFileReference; lastKnownFileType = wrapper.xcdatamodel; path = LectorRSS.xcdatamodel; sourceTree = "<group>"; };
		6F8CB5A72156AD0A00160F58 /* Assets.xcassets */ = {isa = PBXFileReference; lastKnownFileType = folder.assetcatalog; path = Assets.xcassets; sourceTree = "<group>"; };
		6F8CB5AC2156AD0A00160F58 /* Info.plist */ = {isa = PBXFileReference; lastKnownFileType = text.plist.xml; path = Info.plist; sourceTree = "<group>"; };
		6F8CB5B12156AD0A00160F58 /* LectorRSSTests.xctest */ = {isa = PBXFileReference; explicitFileType = wrapper.cfbundle; includeInIndex = 0; path = LectorRSSTests.xctest; sourceTree = BUILT_PRODUCTS_DIR; };
		6F8CB5B52156AD0A00160F58 /* LectorRSSTests.swift */ = {isa = PBXFileReference; lastKnownFileType = sourcecode.swift; path = LectorRSSTests.swift; sourceTree = "<group>"; };
		6F8CB5B72156AD0A00160F58 /* Info.plist */ = {isa = PBXFileReference; lastKnownFileType = text.plist.xml; path = Info.plist; sourceTree = "<group>"; };
		6F8CB5BC2156AD0A00160F58 /* LectorRSSUITests.xctest */ = {isa = PBXFileReference; explicitFileType = wrapper.cfbundle; includeInIndex = 0; path = LectorRSSUITests.xctest; sourceTree = BUILT_PRODUCTS_DIR; };
		6F8CB5C02156AD0A00160F58 /* LectorRSSUITests.swift */ = {isa = PBXFileReference; lastKnownFileType = sourcecode.swift; path = LectorRSSUITests.swift; sourceTree = "<group>"; };
		6F8CB5C22156AD0A00160F58 /* Info.plist */ = {isa = PBXFileReference; lastKnownFileType = text.plist.xml; path = Info.plist; sourceTree = "<group>"; };
		6F8CB5DF2156B52400160F58 /* NewsListModule.swift */ = {isa = PBXFileReference; lastKnownFileType = sourcecode.swift; path = NewsListModule.swift; sourceTree = "<group>"; };
		6F8CB5E12156B55000160F58 /* NewsDetailModule.swift */ = {isa = PBXFileReference; lastKnownFileType = sourcecode.swift; path = NewsDetailModule.swift; sourceTree = "<group>"; };
		6F8CB5E32156B59400160F58 /* NewsListViewController.swift */ = {isa = PBXFileReference; lastKnownFileType = sourcecode.swift; path = NewsListViewController.swift; sourceTree = "<group>"; };
		6F8CB5E42156B59400160F58 /* NewsListViewController.xib */ = {isa = PBXFileReference; lastKnownFileType = file.xib; path = NewsListViewController.xib; sourceTree = "<group>"; };
		6F8CB5E72156BEF800160F58 /* NewsListViewController+UITableViews.swift */ = {isa = PBXFileReference; lastKnownFileType = sourcecode.swift; path = "NewsListViewController+UITableViews.swift"; sourceTree = "<group>"; };
		6F8CB5E92156C02E00160F58 /* NewsListPresenter.swift */ = {isa = PBXFileReference; lastKnownFileType = sourcecode.swift; path = NewsListPresenter.swift; sourceTree = "<group>"; };
		6F8CB5EB2156D45F00160F58 /* NewsListRouter.swift */ = {isa = PBXFileReference; lastKnownFileType = sourcecode.swift; path = NewsListRouter.swift; sourceTree = "<group>"; };
		6F8CB5ED2156D47F00160F58 /* NewsListInteractor.swift */ = {isa = PBXFileReference; lastKnownFileType = sourcecode.swift; path = NewsListInteractor.swift; sourceTree = "<group>"; };
		6F8CB5EF2156D75B00160F58 /* News.swift */ = {isa = PBXFileReference; lastKnownFileType = sourcecode.swift; path = News.swift; sourceTree = "<group>"; };
		6F8CB5F12157C32E00160F58 /* NewsListTableViewCell.swift */ = {isa = PBXFileReference; lastKnownFileType = sourcecode.swift; path = NewsListTableViewCell.swift; sourceTree = "<group>"; };
		6F8CB5F22157C32E00160F58 /* NewsListTableViewCell.xib */ = {isa = PBXFileReference; lastKnownFileType = file.xib; path = NewsListTableViewCell.xib; sourceTree = "<group>"; };
		6F8CB5F52157FF2E00160F58 /* NewsListPresenter+NewsListInteractorDelegate.swift */ = {isa = PBXFileReference; lastKnownFileType = sourcecode.swift; path = "NewsListPresenter+NewsListInteractorDelegate.swift"; sourceTree = "<group>"; };
		6F8CB5F92158259100160F58 /* NewsListViewController+UISearchBar.swift */ = {isa = PBXFileReference; lastKnownFileType = sourcecode.swift; path = "NewsListViewController+UISearchBar.swift"; sourceTree = "<group>"; };
		6F8CB5FE2159710900160F58 /* Color.swift */ = {isa = PBXFileReference; lastKnownFileType = sourcecode.swift; path = Color.swift; sourceTree = "<group>"; };
		6F8CB601215981B100160F58 /* NotResultLabel.swift */ = {isa = PBXFileReference; lastKnownFileType = sourcecode.swift; path = NotResultLabel.swift; sourceTree = "<group>"; };
		6F8CB6042159889000160F58 /* NewsListProtocols.swift */ = {isa = PBXFileReference; lastKnownFileType = sourcecode.swift; path = NewsListProtocols.swift; sourceTree = "<group>"; };
/* End PBXFileReference section */

/* Begin PBXFrameworksBuildPhase section */
		6F8CB5972156AD0A00160F58 /* Frameworks */ = {
			isa = PBXFrameworksBuildPhase;
			buildActionMask = 2147483647;
			files = (
				6F5851D6215AC3BB0019853C /* Alamofire.framework in Frameworks */,
			);
			runOnlyForDeploymentPostprocessing = 0;
		};
		6F8CB5AE2156AD0A00160F58 /* Frameworks */ = {
			isa = PBXFrameworksBuildPhase;
			buildActionMask = 2147483647;
			files = (
			);
			runOnlyForDeploymentPostprocessing = 0;
		};
		6F8CB5B92156AD0A00160F58 /* Frameworks */ = {
			isa = PBXFrameworksBuildPhase;
			buildActionMask = 2147483647;
			files = (
			);
			runOnlyForDeploymentPostprocessing = 0;
		};
/* End PBXFrameworksBuildPhase section */

/* Begin PBXGroup section */
		6F5851BE215AC33E0019853C /* Products */ = {
			isa = PBXGroup;
			children = (
				6F5851C9215AC33F0019853C /* Alamofire.framework */,
				6F5851CB215AC33F0019853C /* Alamofire iOS Tests.xctest */,
				6F5851CD215AC33F0019853C /* Alamofire.framework */,
				6F5851CF215AC33F0019853C /* Alamofire macOS Tests.xctest */,
				6F5851D1215AC33F0019853C /* Alamofire.framework */,
				6F5851D3215AC33F0019853C /* Alamofire tvOS Tests.xctest */,
				6F5851D5215AC33F0019853C /* Alamofire.framework */,
			);
			name = Products;
			sourceTree = "<group>";
		};
		6F5851E3215AC49A0019853C /* Protocols */ = {
			isa = PBXGroup;
			children = (
				6F5851E6215AC4D50019853C /* NewsDetailProtocols.swift */,
			);
			path = Protocols;
			sourceTree = "<group>";
		};
		6F8CB5912156AD0A00160F58 = {
			isa = PBXGroup;
			children = (
				6F5851BD215AC33E0019853C /* Alamofire.xcodeproj */,
				6F8CB59C2156AD0A00160F58 /* LectorRSS */,
				6F8CB5B42156AD0A00160F58 /* LectorRSSTests */,
				6F8CB5BF2156AD0A00160F58 /* LectorRSSUITests */,
				6F8CB59B2156AD0A00160F58 /* Products */,
			);
			sourceTree = "<group>";
		};
		6F8CB59B2156AD0A00160F58 /* Products */ = {
			isa = PBXGroup;
			children = (
				6F8CB59A2156AD0A00160F58 /* LectorRSS.app */,
				6F8CB5B12156AD0A00160F58 /* LectorRSSTests.xctest */,
				6F8CB5BC2156AD0A00160F58 /* LectorRSSUITests.xctest */,
			);
			name = Products;
			sourceTree = "<group>";
		};
		6F8CB59C2156AD0A00160F58 /* LectorRSS */ = {
			isa = PBXGroup;
			children = (
				6F8CB5FB2159702D00160F58 /* Assets */,
				6F8CB5CE2156AD5000160F58 /* Entities */,
				6F8CB5D02156AD7500160F58 /* Modules */,
				6F8CB5CF2156AD6C00160F58 /* Services */,
				6F8CB5D12156ADC100160F58 /* Views */,
				6F8CB59D2156AD0A00160F58 /* AppDelegate.swift */,
				6F8CB5A72156AD0A00160F58 /* Assets.xcassets */,
				6F8CB5AC2156AD0A00160F58 /* Info.plist */,
				6F8CB5A42156AD0A00160F58 /* LectorRSS.xcdatamodeld */,
			);
			path = LectorRSS;
			sourceTree = "<group>";
		};
		6F8CB5B42156AD0A00160F58 /* LectorRSSTests */ = {
			isa = PBXGroup;
			children = (
				6F8CB5B52156AD0A00160F58 /* LectorRSSTests.swift */,
				6F8CB5B72156AD0A00160F58 /* Info.plist */,
			);
			path = LectorRSSTests;
			sourceTree = "<group>";
		};
		6F8CB5BF2156AD0A00160F58 /* LectorRSSUITests */ = {
			isa = PBXGroup;
			children = (
				6F8CB5C02156AD0A00160F58 /* LectorRSSUITests.swift */,
				6F8CB5C22156AD0A00160F58 /* Info.plist */,
			);
			path = LectorRSSUITests;
			sourceTree = "<group>";
		};
		6F8CB5CE2156AD5000160F58 /* Entities */ = {
			isa = PBXGroup;
			children = (
				6F8CB5EF2156D75B00160F58 /* News.swift */,
			);
			path = Entities;
			sourceTree = "<group>";
		};
		6F8CB5CF2156AD6C00160F58 /* Services */ = {
			isa = PBXGroup;
			children = (
			);
			path = Services;
			sourceTree = "<group>";
		};
		6F8CB5D02156AD7500160F58 /* Modules */ = {
			isa = PBXGroup;
			children = (
				6F8CB5D42156AEA600160F58 /* NewsDetail */,
				6F8CB5D32156AE9D00160F58 /* NewsList */,
			);
			path = Modules;
			sourceTree = "<group>";
		};
		6F8CB5D12156ADC100160F58 /* Views */ = {
			isa = PBXGroup;
			children = (
				6F8CB6002159818800160F58 /* UILabels */,
				6F8CB5D22156ADD600160F58 /* UITableViewCells */,
			);
			path = Views;
			sourceTree = "<group>";
		};
		6F8CB5D22156ADD600160F58 /* UITableViewCells */ = {
			isa = PBXGroup;
			children = (
				6F8CB5F12157C32E00160F58 /* NewsListTableViewCell.swift */,
				6F8CB5F22157C32E00160F58 /* NewsListTableViewCell.xib */,
			);
			path = UITableViewCells;
			sourceTree = "<group>";
		};
		6F8CB5D32156AE9D00160F58 /* NewsList */ = {
			isa = PBXGroup;
			children = (
				6F8CB5D52156AEFC00160F58 /* Interactor */,
				6F8CB5D62156AF0400160F58 /* Presenter */,
				6F8CB6032159860C00160F58 /* Protocols */,
				6F8CB5D72156AF0B00160F58 /* Router */,
				6F8CB5D82156AF1D00160F58 /* View */,
				6F8CB5DF2156B52400160F58 /* NewsListModule.swift */,
			);
			path = NewsList;
			sourceTree = "<group>";
		};
		6F8CB5D42156AEA600160F58 /* NewsDetail */ = {
			isa = PBXGroup;
			children = (
				6F8CB5DC2156B08E00160F58 /* Interactor */,
				6F8CB5DB2156B08700160F58 /* Presenter */,
				6F5851E3215AC49A0019853C /* Protocols */,
				6F8CB5DA2156B08000160F58 /* Router */,
				6F8CB5D92156B07A00160F58 /* View */,
				6F8CB5E12156B55000160F58 /* NewsDetailModule.swift */,
			);
			path = NewsDetail;
			sourceTree = "<group>";
		};
		6F8CB5D52156AEFC00160F58 /* Interactor */ = {
			isa = PBXGroup;
			children = (
				6F8CB5ED2156D47F00160F58 /* NewsListInteractor.swift */,
			);
			path = Interactor;
			sourceTree = "<group>";
		};
		6F8CB5D62156AF0400160F58 /* Presenter */ = {
			isa = PBXGroup;
			children = (
				6F8CB5E92156C02E00160F58 /* NewsListPresenter.swift */,
				6F8CB5F52157FF2E00160F58 /* NewsListPresenter+NewsListInteractorDelegate.swift */,
			);
			path = Presenter;
			sourceTree = "<group>";
		};
		6F8CB5D72156AF0B00160F58 /* Router */ = {
			isa = PBXGroup;
			children = (
				6F8CB5EB2156D45F00160F58 /* NewsListRouter.swift */,
			);
			path = Router;
			sourceTree = "<group>";
		};
		6F8CB5D82156AF1D00160F58 /* View */ = {
			isa = PBXGroup;
			children = (
				6F8CB5E32156B59400160F58 /* NewsListViewController.swift */,
				6F8CB5E42156B59400160F58 /* NewsListViewController.xib */,
				6F8CB5E72156BEF800160F58 /* NewsListViewController+UITableViews.swift */,
				6F8CB5F92158259100160F58 /* NewsListViewController+UISearchBar.swift */,
			);
			path = View;
			sourceTree = "<group>";
		};
		6F8CB5D92156B07A00160F58 /* View */ = {
			isa = PBXGroup;
			children = (
				6F5851DB215AC44E0019853C /* NewsDetailViewController.swift */,
				6F5851DC215AC44E0019853C /* NewsDetailViewController.xib */,
			);
			path = View;
			sourceTree = "<group>";
		};
		6F8CB5DA2156B08000160F58 /* Router */ = {
			isa = PBXGroup;
			children = (
				6F5851DF215AC4680019853C /* NewsDetailRouter.swift */,
			);
			path = Router;
			sourceTree = "<group>";
		};
		6F8CB5DB2156B08700160F58 /* Presenter */ = {
			isa = PBXGroup;
			children = (
				6F5851E1215AC4780019853C /* NewsDetailPresenter.swift */,
			);
			path = Presenter;
			sourceTree = "<group>";
		};
		6F8CB5DC2156B08E00160F58 /* Interactor */ = {
			isa = PBXGroup;
			children = (
			);
			path = Interactor;
			sourceTree = "<group>";
		};
		6F8CB5FB2159702D00160F58 /* Assets */ = {
			isa = PBXGroup;
			children = (
				6F8CB5FD2159704000160F58 /* Color */,
				6F8CB5FC2159703700160F58 /* Localizable */,
			);
			path = Assets;
			sourceTree = "<group>";
		};
		6F8CB5FC2159703700160F58 /* Localizable */ = {
			isa = PBXGroup;
			children = (
			);
			path = Localizable;
			sourceTree = "<group>";
		};
		6F8CB5FD2159704000160F58 /* Color */ = {
			isa = PBXGroup;
			children = (
				6F8CB5FE2159710900160F58 /* Color.swift */,
			);
			path = Color;
			sourceTree = "<group>";
		};
		6F8CB6002159818800160F58 /* UILabels */ = {
			isa = PBXGroup;
			children = (
				6F8CB601215981B100160F58 /* NotResultLabel.swift */,
			);
			path = UILabels;
			sourceTree = "<group>";
		};
		6F8CB6032159860C00160F58 /* Protocols */ = {
			isa = PBXGroup;
			children = (
				6F8CB6042159889000160F58 /* NewsListProtocols.swift */,
			);
			path = Protocols;
			sourceTree = "<group>";
		};
/* End PBXGroup section */

/* Begin PBXNativeTarget section */
		6F8CB5992156AD0A00160F58 /* LectorRSS */ = {
			isa = PBXNativeTarget;
			buildConfigurationList = 6F8CB5C52156AD0A00160F58 /* Build configuration list for PBXNativeTarget "LectorRSS" */;
			buildPhases = (
				6F8CB5962156AD0A00160F58 /* Sources */,
				6F8CB5972156AD0A00160F58 /* Frameworks */,
				6F8CB5982156AD0A00160F58 /* Resources */,
				6F5851DA215AC3BB0019853C /* Embed Frameworks */,
			);
			buildRules = (
			);
			dependencies = (
				6F5851D9215AC3BB0019853C /* PBXTargetDependency */,
			);
			name = LectorRSS;
			productName = LectorRSS;
			productReference = 6F8CB59A2156AD0A00160F58 /* LectorRSS.app */;
			productType = "com.apple.product-type.application";
		};
		6F8CB5B02156AD0A00160F58 /* LectorRSSTests */ = {
			isa = PBXNativeTarget;
			buildConfigurationList = 6F8CB5C82156AD0A00160F58 /* Build configuration list for PBXNativeTarget "LectorRSSTests" */;
			buildPhases = (
				6F8CB5AD2156AD0A00160F58 /* Sources */,
				6F8CB5AE2156AD0A00160F58 /* Frameworks */,
				6F8CB5AF2156AD0A00160F58 /* Resources */,
			);
			buildRules = (
			);
			dependencies = (
				6F8CB5B32156AD0A00160F58 /* PBXTargetDependency */,
			);
			name = LectorRSSTests;
			productName = LectorRSSTests;
			productReference = 6F8CB5B12156AD0A00160F58 /* LectorRSSTests.xctest */;
			productType = "com.apple.product-type.bundle.unit-test";
		};
		6F8CB5BB2156AD0A00160F58 /* LectorRSSUITests */ = {
			isa = PBXNativeTarget;
			buildConfigurationList = 6F8CB5CB2156AD0A00160F58 /* Build configuration list for PBXNativeTarget "LectorRSSUITests" */;
			buildPhases = (
				6F8CB5B82156AD0A00160F58 /* Sources */,
				6F8CB5B92156AD0A00160F58 /* Frameworks */,
				6F8CB5BA2156AD0A00160F58 /* Resources */,
			);
			buildRules = (
			);
			dependencies = (
				6F8CB5BE2156AD0A00160F58 /* PBXTargetDependency */,
			);
			name = LectorRSSUITests;
			productName = LectorRSSUITests;
			productReference = 6F8CB5BC2156AD0A00160F58 /* LectorRSSUITests.xctest */;
			productType = "com.apple.product-type.bundle.ui-testing";
		};
/* End PBXNativeTarget section */

/* Begin PBXProject section */
		6F8CB5922156AD0A00160F58 /* Project object */ = {
			isa = PBXProject;
			attributes = {
				LastSwiftUpdateCheck = 0920;
				LastUpgradeCheck = 0920;
				ORGANIZATIONNAME = joseluisfdezbueno;
				TargetAttributes = {
					6F8CB5992156AD0A00160F58 = {
						CreatedOnToolsVersion = 9.2;
						ProvisioningStyle = Automatic;
					};
					6F8CB5B02156AD0A00160F58 = {
						CreatedOnToolsVersion = 9.2;
						ProvisioningStyle = Automatic;
						TestTargetID = 6F8CB5992156AD0A00160F58;
					};
					6F8CB5BB2156AD0A00160F58 = {
						CreatedOnToolsVersion = 9.2;
						ProvisioningStyle = Automatic;
						TestTargetID = 6F8CB5992156AD0A00160F58;
					};
				};
			};
			buildConfigurationList = 6F8CB5952156AD0A00160F58 /* Build configuration list for PBXProject "LectorRSS" */;
			compatibilityVersion = "Xcode 8.0";
			developmentRegion = en;
			hasScannedForEncodings = 0;
			knownRegions = (
				en,
				Base,
			);
			mainGroup = 6F8CB5912156AD0A00160F58;
			productRefGroup = 6F8CB59B2156AD0A00160F58 /* Products */;
			projectDirPath = "";
			projectReferences = (
				{
					ProductGroup = 6F5851BE215AC33E0019853C /* Products */;
					ProjectRef = 6F5851BD215AC33E0019853C /* Alamofire.xcodeproj */;
				},
			);
			projectRoot = "";
			targets = (
				6F8CB5992156AD0A00160F58 /* LectorRSS */,
				6F8CB5B02156AD0A00160F58 /* LectorRSSTests */,
				6F8CB5BB2156AD0A00160F58 /* LectorRSSUITests */,
			);
		};
/* End PBXProject section */

/* Begin PBXReferenceProxy section */
		6F5851C9215AC33F0019853C /* Alamofire.framework */ = {
			isa = PBXReferenceProxy;
			fileType = wrapper.framework;
			path = Alamofire.framework;
			remoteRef = 6F5851C8215AC33F0019853C /* PBXContainerItemProxy */;
			sourceTree = BUILT_PRODUCTS_DIR;
		};
		6F5851CB215AC33F0019853C /* Alamofire iOS Tests.xctest */ = {
			isa = PBXReferenceProxy;
			fileType = wrapper.cfbundle;
			path = "Alamofire iOS Tests.xctest";
			remoteRef = 6F5851CA215AC33F0019853C /* PBXContainerItemProxy */;
			sourceTree = BUILT_PRODUCTS_DIR;
		};
		6F5851CD215AC33F0019853C /* Alamofire.framework */ = {
			isa = PBXReferenceProxy;
			fileType = wrapper.framework;
			path = Alamofire.framework;
			remoteRef = 6F5851CC215AC33F0019853C /* PBXContainerItemProxy */;
			sourceTree = BUILT_PRODUCTS_DIR;
		};
		6F5851CF215AC33F0019853C /* Alamofire macOS Tests.xctest */ = {
			isa = PBXReferenceProxy;
			fileType = wrapper.cfbundle;
			path = "Alamofire macOS Tests.xctest";
			remoteRef = 6F5851CE215AC33F0019853C /* PBXContainerItemProxy */;
			sourceTree = BUILT_PRODUCTS_DIR;
		};
		6F5851D1215AC33F0019853C /* Alamofire.framework */ = {
			isa = PBXReferenceProxy;
			fileType = wrapper.framework;
			path = Alamofire.framework;
			remoteRef = 6F5851D0215AC33F0019853C /* PBXContainerItemProxy */;
			sourceTree = BUILT_PRODUCTS_DIR;
		};
		6F5851D3215AC33F0019853C /* Alamofire tvOS Tests.xctest */ = {
			isa = PBXReferenceProxy;
			fileType = wrapper.cfbundle;
			path = "Alamofire tvOS Tests.xctest";
			remoteRef = 6F5851D2215AC33F0019853C /* PBXContainerItemProxy */;
			sourceTree = BUILT_PRODUCTS_DIR;
		};
		6F5851D5215AC33F0019853C /* Alamofire.framework */ = {
			isa = PBXReferenceProxy;
			fileType = wrapper.framework;
			path = Alamofire.framework;
			remoteRef = 6F5851D4215AC33F0019853C /* PBXContainerItemProxy */;
			sourceTree = BUILT_PRODUCTS_DIR;
		};
/* End PBXReferenceProxy section */

/* Begin PBXResourcesBuildPhase section */
		6F8CB5982156AD0A00160F58 /* Resources */ = {
			isa = PBXResourcesBuildPhase;
			buildActionMask = 2147483647;
			files = (
				6F5851DE215AC44E0019853C /* NewsDetailViewController.xib in Resources */,
				6F8CB5A82156AD0A00160F58 /* Assets.xcassets in Resources */,
				6F8CB5E62156B59400160F58 /* NewsListViewController.xib in Resources */,
				6F8CB5F42157C32E00160F58 /* NewsListTableViewCell.xib in Resources */,
			);
			runOnlyForDeploymentPostprocessing = 0;
		};
		6F8CB5AF2156AD0A00160F58 /* Resources */ = {
			isa = PBXResourcesBuildPhase;
			buildActionMask = 2147483647;
			files = (
			);
			runOnlyForDeploymentPostprocessing = 0;
		};
		6F8CB5BA2156AD0A00160F58 /* Resources */ = {
			isa = PBXResourcesBuildPhase;
			buildActionMask = 2147483647;
			files = (
			);
			runOnlyForDeploymentPostprocessing = 0;
		};
/* End PBXResourcesBuildPhase section */

/* Begin PBXSourcesBuildPhase section */
		6F8CB5962156AD0A00160F58 /* Sources */ = {
			isa = PBXSourcesBuildPhase;
			buildActionMask = 2147483647;
			files = (
				6F8CB6052159889000160F58 /* NewsListProtocols.swift in Sources */,
				6F5851E2215AC4780019853C /* NewsDetailPresenter.swift in Sources */,
				6F5851DD215AC44E0019853C /* NewsDetailViewController.swift in Sources */,
				6F8CB5F62157FF2E00160F58 /* NewsListPresenter+NewsListInteractorDelegate.swift in Sources */,
				6F8CB5E52156B59400160F58 /* NewsListViewController.swift in Sources */,
				6F8CB5EE2156D47F00160F58 /* NewsListInteractor.swift in Sources */,
				6F8CB5FA2158259100160F58 /* NewsListViewController+UISearchBar.swift in Sources */,
				6F8CB5EC2156D45F00160F58 /* NewsListRouter.swift in Sources */,
				6F8CB5EA2156C02E00160F58 /* NewsListPresenter.swift in Sources */,
				6F8CB5E82156BEF800160F58 /* NewsListViewController+UITableViews.swift in Sources */,
				6F8CB5E02156B52400160F58 /* NewsListModule.swift in Sources */,
				6F8CB59E2156AD0A00160F58 /* AppDelegate.swift in Sources */,
				6F8CB5FF2159710900160F58 /* Color.swift in Sources */,
				6F8CB5A62156AD0A00160F58 /* LectorRSS.xcdatamodeld in Sources */,
				6F8CB602215981B100160F58 /* NotResultLabel.swift in Sources */,
				6F5851E0215AC4680019853C /* NewsDetailRouter.swift in Sources */,
				6F8CB5F32157C32E00160F58 /* NewsListTableViewCell.swift in Sources */,
				6F5851E7215AC4D50019853C /* NewsDetailProtocols.swift in Sources */,
				6F8CB5F02156D75B00160F58 /* News.swift in Sources */,
				6F8CB5E22156B55000160F58 /* NewsDetailModule.swift in Sources */,
			);
			runOnlyForDeploymentPostprocessing = 0;
		};
		6F8CB5AD2156AD0A00160F58 /* Sources */ = {
			isa = PBXSourcesBuildPhase;
			buildActionMask = 2147483647;
			files = (
				6F8CB5B62156AD0A00160F58 /* LectorRSSTests.swift in Sources */,
			);
			runOnlyForDeploymentPostprocessing = 0;
		};
		6F8CB5B82156AD0A00160F58 /* Sources */ = {
			isa = PBXSourcesBuildPhase;
			buildActionMask = 2147483647;
			files = (
				6F8CB5C12156AD0A00160F58 /* LectorRSSUITests.swift in Sources */,
			);
			runOnlyForDeploymentPostprocessing = 0;
		};
/* End PBXSourcesBuildPhase section */

/* Begin PBXTargetDependency section */
		6F5851D9215AC3BB0019853C /* PBXTargetDependency */ = {
			isa = PBXTargetDependency;
			name = "Alamofire iOS";
			targetProxy = 6F5851D8215AC3BB0019853C /* PBXContainerItemProxy */;
		};
		6F8CB5B32156AD0A00160F58 /* PBXTargetDependency */ = {
			isa = PBXTargetDependency;
			target = 6F8CB5992156AD0A00160F58 /* LectorRSS */;
			targetProxy = 6F8CB5B22156AD0A00160F58 /* PBXContainerItemProxy */;
		};
		6F8CB5BE2156AD0A00160F58 /* PBXTargetDependency */ = {
			isa = PBXTargetDependency;
			target = 6F8CB5992156AD0A00160F58 /* LectorRSS */;
			targetProxy = 6F8CB5BD2156AD0A00160F58 /* PBXContainerItemProxy */;
		};
/* End PBXTargetDependency section */

/* Begin XCBuildConfiguration section */
		6F8CB5C32156AD0A00160F58 /* Debug */ = {
			isa = XCBuildConfiguration;
			buildSettings = {
				ALWAYS_SEARCH_USER_PATHS = NO;
				CLANG_ANALYZER_NONNULL = YES;
				CLANG_ANALYZER_NUMBER_OBJECT_CONVERSION = YES_AGGRESSIVE;
				CLANG_CXX_LANGUAGE_STANDARD = "gnu++14";
				CLANG_CXX_LIBRARY = "libc++";
				CLANG_ENABLE_MODULES = YES;
				CLANG_ENABLE_OBJC_ARC = YES;
				CLANG_WARN_BLOCK_CAPTURE_AUTORELEASING = YES;
				CLANG_WARN_BOOL_CONVERSION = YES;
				CLANG_WARN_COMMA = YES;
				CLANG_WARN_CONSTANT_CONVERSION = YES;
				CLANG_WARN_DIRECT_OBJC_ISA_USAGE = YES_ERROR;
				CLANG_WARN_DOCUMENTATION_COMMENTS = YES;
				CLANG_WARN_EMPTY_BODY = YES;
				CLANG_WARN_ENUM_CONVERSION = YES;
				CLANG_WARN_INFINITE_RECURSION = YES;
				CLANG_WARN_INT_CONVERSION = YES;
				CLANG_WARN_NON_LITERAL_NULL_CONVERSION = YES;
				CLANG_WARN_OBJC_LITERAL_CONVERSION = YES;
				CLANG_WARN_OBJC_ROOT_CLASS = YES_ERROR;
				CLANG_WARN_RANGE_LOOP_ANALYSIS = YES;
				CLANG_WARN_STRICT_PROTOTYPES = YES;
				CLANG_WARN_SUSPICIOUS_MOVE = YES;
				CLANG_WARN_UNGUARDED_AVAILABILITY = YES_AGGRESSIVE;
				CLANG_WARN_UNREACHABLE_CODE = YES;
				CLANG_WARN__DUPLICATE_METHOD_MATCH = YES;
				CODE_SIGN_IDENTITY = "iPhone Developer";
				COPY_PHASE_STRIP = NO;
				DEBUG_INFORMATION_FORMAT = dwarf;
				ENABLE_STRICT_OBJC_MSGSEND = YES;
				ENABLE_TESTABILITY = YES;
				GCC_C_LANGUAGE_STANDARD = gnu11;
				GCC_DYNAMIC_NO_PIC = NO;
				GCC_NO_COMMON_BLOCKS = YES;
				GCC_OPTIMIZATION_LEVEL = 0;
				GCC_PREPROCESSOR_DEFINITIONS = (
					"DEBUG=1",
					"$(inherited)",
				);
				GCC_WARN_64_TO_32_BIT_CONVERSION = YES;
				GCC_WARN_ABOUT_RETURN_TYPE = YES_ERROR;
				GCC_WARN_UNDECLARED_SELECTOR = YES;
				GCC_WARN_UNINITIALIZED_AUTOS = YES_AGGRESSIVE;
				GCC_WARN_UNUSED_FUNCTION = YES;
				GCC_WARN_UNUSED_VARIABLE = YES;
				IPHONEOS_DEPLOYMENT_TARGET = 11.2;
				MTL_ENABLE_DEBUG_INFO = YES;
				ONLY_ACTIVE_ARCH = YES;
				SDKROOT = iphoneos;
				SWIFT_ACTIVE_COMPILATION_CONDITIONS = DEBUG;
				SWIFT_OPTIMIZATION_LEVEL = "-Onone";
			};
			name = Debug;
		};
		6F8CB5C42156AD0A00160F58 /* Release */ = {
			isa = XCBuildConfiguration;
			buildSettings = {
				ALWAYS_SEARCH_USER_PATHS = NO;
				CLANG_ANALYZER_NONNULL = YES;
				CLANG_ANALYZER_NUMBER_OBJECT_CONVERSION = YES_AGGRESSIVE;
				CLANG_CXX_LANGUAGE_STANDARD = "gnu++14";
				CLANG_CXX_LIBRARY = "libc++";
				CLANG_ENABLE_MODULES = YES;
				CLANG_ENABLE_OBJC_ARC = YES;
				CLANG_WARN_BLOCK_CAPTURE_AUTORELEASING = YES;
				CLANG_WARN_BOOL_CONVERSION = YES;
				CLANG_WARN_COMMA = YES;
				CLANG_WARN_CONSTANT_CONVERSION = YES;
				CLANG_WARN_DIRECT_OBJC_ISA_USAGE = YES_ERROR;
				CLANG_WARN_DOCUMENTATION_COMMENTS = YES;
				CLANG_WARN_EMPTY_BODY = YES;
				CLANG_WARN_ENUM_CONVERSION = YES;
				CLANG_WARN_INFINITE_RECURSION = YES;
				CLANG_WARN_INT_CONVERSION = YES;
				CLANG_WARN_NON_LITERAL_NULL_CONVERSION = YES;
				CLANG_WARN_OBJC_LITERAL_CONVERSION = YES;
				CLANG_WARN_OBJC_ROOT_CLASS = YES_ERROR;
				CLANG_WARN_RANGE_LOOP_ANALYSIS = YES;
				CLANG_WARN_STRICT_PROTOTYPES = YES;
				CLANG_WARN_SUSPICIOUS_MOVE = YES;
				CLANG_WARN_UNGUARDED_AVAILABILITY = YES_AGGRESSIVE;
				CLANG_WARN_UNREACHABLE_CODE = YES;
				CLANG_WARN__DUPLICATE_METHOD_MATCH = YES;
				CODE_SIGN_IDENTITY = "iPhone Developer";
				COPY_PHASE_STRIP = NO;
				DEBUG_INFORMATION_FORMAT = "dwarf-with-dsym";
				ENABLE_NS_ASSERTIONS = NO;
				ENABLE_STRICT_OBJC_MSGSEND = YES;
				GCC_C_LANGUAGE_STANDARD = gnu11;
				GCC_NO_COMMON_BLOCKS = YES;
				GCC_WARN_64_TO_32_BIT_CONVERSION = YES;
				GCC_WARN_ABOUT_RETURN_TYPE = YES_ERROR;
				GCC_WARN_UNDECLARED_SELECTOR = YES;
				GCC_WARN_UNINITIALIZED_AUTOS = YES_AGGRESSIVE;
				GCC_WARN_UNUSED_FUNCTION = YES;
				GCC_WARN_UNUSED_VARIABLE = YES;
				IPHONEOS_DEPLOYMENT_TARGET = 11.2;
				MTL_ENABLE_DEBUG_INFO = NO;
				SDKROOT = iphoneos;
				SWIFT_OPTIMIZATION_LEVEL = "-Owholemodule";
				VALIDATE_PRODUCT = YES;
			};
			name = Release;
		};
		6F8CB5C62156AD0A00160F58 /* Debug */ = {
			isa = XCBuildConfiguration;
			buildSettings = {
				ALWAYS_EMBED_SWIFT_STANDARD_LIBRARIES = YES;
				ASSETCATALOG_COMPILER_APPICON_NAME = AppIcon;
				CODE_SIGN_STYLE = Automatic;
				INFOPLIST_FILE = LectorRSS/Info.plist;
				LD_RUNPATH_SEARCH_PATHS = "$(inherited) @executable_path/Frameworks";
				PRODUCT_BUNDLE_IDENTIFIER = joseluisfdezbueno.LectorRSS;
				PRODUCT_NAME = "$(TARGET_NAME)";
				SWIFT_VERSION = 4.0;
				TARGETED_DEVICE_FAMILY = "1,2";
			};
			name = Debug;
		};
		6F8CB5C72156AD0A00160F58 /* Release */ = {
			isa = XCBuildConfiguration;
			buildSettings = {
				ALWAYS_EMBED_SWIFT_STANDARD_LIBRARIES = YES;
				ASSETCATALOG_COMPILER_APPICON_NAME = AppIcon;
				CODE_SIGN_STYLE = Automatic;
				INFOPLIST_FILE = LectorRSS/Info.plist;
				LD_RUNPATH_SEARCH_PATHS = "$(inherited) @executable_path/Frameworks";
				PRODUCT_BUNDLE_IDENTIFIER = joseluisfdezbueno.LectorRSS;
				PRODUCT_NAME = "$(TARGET_NAME)";
				SWIFT_VERSION = 4.0;
				TARGETED_DEVICE_FAMILY = "1,2";
			};
			name = Release;
		};
		6F8CB5C92156AD0A00160F58 /* Debug */ = {
			isa = XCBuildConfiguration;
			buildSettings = {
				ALWAYS_EMBED_SWIFT_STANDARD_LIBRARIES = YES;
				BUNDLE_LOADER = "$(TEST_HOST)";
				CODE_SIGN_STYLE = Automatic;
				INFOPLIST_FILE = LectorRSSTests/Info.plist;
				LD_RUNPATH_SEARCH_PATHS = "$(inherited) @executable_path/Frameworks @loader_path/Frameworks";
				PRODUCT_BUNDLE_IDENTIFIER = joseluisfdezbueno.LectorRSSTests;
				PRODUCT_NAME = "$(TARGET_NAME)";
				SWIFT_VERSION = 4.0;
				TARGETED_DEVICE_FAMILY = "1,2";
				TEST_HOST = "$(BUILT_PRODUCTS_DIR)/LectorRSS.app/LectorRSS";
			};
			name = Debug;
		};
		6F8CB5CA2156AD0A00160F58 /* Release */ = {
			isa = XCBuildConfiguration;
			buildSettings = {
				ALWAYS_EMBED_SWIFT_STANDARD_LIBRARIES = YES;
				BUNDLE_LOADER = "$(TEST_HOST)";
				CODE_SIGN_STYLE = Automatic;
				INFOPLIST_FILE = LectorRSSTests/Info.plist;
				LD_RUNPATH_SEARCH_PATHS = "$(inherited) @executable_path/Frameworks @loader_path/Frameworks";
				PRODUCT_BUNDLE_IDENTIFIER = joseluisfdezbueno.LectorRSSTests;
				PRODUCT_NAME = "$(TARGET_NAME)";
				SWIFT_VERSION = 4.0;
				TARGETED_DEVICE_FAMILY = "1,2";
				TEST_HOST = "$(BUILT_PRODUCTS_DIR)/LectorRSS.app/LectorRSS";
			};
			name = Release;
		};
		6F8CB5CC2156AD0A00160F58 /* Debug */ = {
			isa = XCBuildConfiguration;
			buildSettings = {
				ALWAYS_EMBED_SWIFT_STANDARD_LIBRARIES = YES;
				CODE_SIGN_STYLE = Automatic;
				INFOPLIST_FILE = LectorRSSUITests/Info.plist;
				LD_RUNPATH_SEARCH_PATHS = "$(inherited) @executable_path/Frameworks @loader_path/Frameworks";
				PRODUCT_BUNDLE_IDENTIFIER = joseluisfdezbueno.LectorRSSUITests;
				PRODUCT_NAME = "$(TARGET_NAME)";
				SWIFT_VERSION = 4.0;
				TARGETED_DEVICE_FAMILY = "1,2";
				TEST_TARGET_NAME = LectorRSS;
			};
			name = Debug;
		};
		6F8CB5CD2156AD0A00160F58 /* Release */ = {
			isa = XCBuildConfiguration;
			buildSettings = {
				ALWAYS_EMBED_SWIFT_STANDARD_LIBRARIES = YES;
				CODE_SIGN_STYLE = Automatic;
				INFOPLIST_FILE = LectorRSSUITests/Info.plist;
				LD_RUNPATH_SEARCH_PATHS = "$(inherited) @executable_path/Frameworks @loader_path/Frameworks";
				PRODUCT_BUNDLE_IDENTIFIER = joseluisfdezbueno.LectorRSSUITests;
				PRODUCT_NAME = "$(TARGET_NAME)";
				SWIFT_VERSION = 4.0;
				TARGETED_DEVICE_FAMILY = "1,2";
				TEST_TARGET_NAME = LectorRSS;
			};
			name = Release;
		};
/* End XCBuildConfiguration section */

/* Begin XCConfigurationList section */
		6F8CB5952156AD0A00160F58 /* Build configuration list for PBXProject "LectorRSS" */ = {
			isa = XCConfigurationList;
			buildConfigurations = (
				6F8CB5C32156AD0A00160F58 /* Debug */,
				6F8CB5C42156AD0A00160F58 /* Release */,
			);
			defaultConfigurationIsVisible = 0;
			defaultConfigurationName = Release;
		};
		6F8CB5C52156AD0A00160F58 /* Build configuration list for PBXNativeTarget "LectorRSS" */ = {
			isa = XCConfigurationList;
			buildConfigurations = (
				6F8CB5C62156AD0A00160F58 /* Debug */,
				6F8CB5C72156AD0A00160F58 /* Release */,
			);
			defaultConfigurationIsVisible = 0;
			defaultConfigurationName = Release;
		};
		6F8CB5C82156AD0A00160F58 /* Build configuration list for PBXNativeTarget "LectorRSSTests" */ = {
			isa = XCConfigurationList;
			buildConfigurations = (
				6F8CB5C92156AD0A00160F58 /* Debug */,
				6F8CB5CA2156AD0A00160F58 /* Release */,
			);
			defaultConfigurationIsVisible = 0;
			defaultConfigurationName = Release;
		};
		6F8CB5CB2156AD0A00160F58 /* Build configuration list for PBXNativeTarget "LectorRSSUITests" */ = {
			isa = XCConfigurationList;
			buildConfigurations = (
				6F8CB5CC2156AD0A00160F58 /* Debug */,
				6F8CB5CD2156AD0A00160F58 /* Release */,
			);
			defaultConfigurationIsVisible = 0;
			defaultConfigurationName = Release;
		};
/* End XCConfigurationList section */

/* Begin XCVersionGroup section */
		6F8CB5A42156AD0A00160F58 /* LectorRSS.xcdatamodeld */ = {
			isa = XCVersionGroup;
			children = (
				6F8CB5A52156AD0A00160F58 /* LectorRSS.xcdatamodel */,
			);
			currentVersion = 6F8CB5A52156AD0A00160F58 /* LectorRSS.xcdatamodel */;
			path = LectorRSS.xcdatamodeld;
			sourceTree = "<group>";
			versionGroupType = wrapper.xcdatamodel;
		};
/* End XCVersionGroup section */
	};
	rootObject = 6F8CB5922156AD0A00160F58 /* Project object */;
}
